
Microsoft Visual Studio Solution File, Format Version 12.00
# Visual Studio Version 16
VisualStudioVersion = 16.0.29403.142
MinimumVisualStudioVersion = 10.0.40219.1
Project("{8BC9CEB8-8B4A-11D0-8D11-00A0C91BC942}") = "rgb_segregate", "rgb_segregate.vcxproj", "{F643168D-D739-48C1-80D7-C6F235722548}"
EndProject
Global
	GlobalSection(SolutionConfigurationPlatforms) = preSolution
		Debug|x64 = Debug|x64
		Debug|x86 = Debug|x86
		Release|x64 = Release|x64
		Release|x86 = Release|x86
	EndGlobalSection
	GlobalSection(ProjectConfigurationPlatforms) = postSolution
		{F643168D-D739-48C1-80D7-C6F235722548}.Debug|x64.ActiveCfg = Debug|x64
		{F643168D-D739-48C1-80D7-C6F235722548}.Debug|x64.Build.0 = Debug|x64
		{F643168D-D739-48C1-80D7-C6F235722548}.Debug|x86.ActiveCfg = Debug|Win32
		{F643168D-D739-48C1-80D7-C6F235722548}.Debug|x86.Build.0 = Debug|Win32
		{F643168D-D739-48C1-80D7-C6F235722548}.Release|x64.ActiveCfg = Release|x64
		{F643168D-D739-48C1-80D7-C6F235722548}.Release|x64.Build.0 = Release|x64
		{F643168D-D739-48C1-80D7-C6F235722548}.Release|x86.ActiveCfg = Release|Win32
		{F643168D-D739-48C1-80D7-C6F235722548}.Release|x86.Build.0 = Release|Win32
	EndGlobalSection
	GlobalSection(SolutionProperties) = preSolution
		HideSolutionNode = FALSE
	EndGlobalSection
	GlobalSection(ExtensibilityGlobals) = postSolution
		SolutionGuid = {4AE5033F-6CFC-4888-AC97-FB75648F9501}
	EndGlobalSection
EndGlobal
